
Microsoft Visual Studio Solution File, Format Version 12.00
# Visual Studio Version 17
VisualStudioVersion = 17.3.32929.385
MinimumVisualStudioVersion = 10.0.40219.1
Project("{FAE04EC0-301F-11D3-BF4B-00C04F79EFBC}") = "oop pjokert", "oop pjokert\oop pjokert.csproj", "{1C43E40C-021C-4A82-BABE-3CC34981505F}"
EndProject
Global
	GlobalSection(SolutionConfigurationPlatforms) = preSolution
		Debug|Any CPU = Debug|Any CPU
		Release|Any CPU = Release|Any CPU
	EndGlobalSection
	GlobalSection(ProjectConfigurationPlatforms) = postSolution
		{1C43E40C-021C-4A82-BABE-3CC34981505F}.Debug|Any CPU.ActiveCfg = Debug|Any CPU
		{1C43E40C-021C-4A82-BABE-3CC34981505F}.Debug|Any CPU.Build.0 = Debug|Any CPU
		{1C43E40C-021C-4A82-BABE-3CC34981505F}.Release|Any CPU.ActiveCfg = Release|Any CPU
		{1C43E40C-021C-4A82-BABE-3CC34981505F}.Release|Any CPU.Build.0 = Release|Any CPU
	EndGlobalSection
	GlobalSection(SolutionProperties) = preSolution
		HideSolutionNode = FALSE
	EndGlobalSection
	GlobalSection(ExtensibilityGlobals) = postSolution
		SolutionGuid = {EB6F0D53-F055-41C0-AD1D-6EDB5A3D37E1}
	EndGlobalSection
EndGlobal
